
Microsoft Visual Studio Solution File, Format Version 12.00
# Visual Studio Version 17
VisualStudioVersion = 17.14.36203.30 d17.14
MinimumVisualStudioVersion = 10.0.40219.1
Project("{FAE04EC0-301F-11D3-BF4B-00C04F79EFBC}") = "POSUDA", "POSUDA.csproj", "{87BE1A1B-29AE-4D52-AD3A-EB523874D093}"
EndProject
Global
	GlobalSection(SolutionConfigurationPlatforms) = preSolution
		Debug|Any CPU = Debug|Any CPU
		Release|Any CPU = Release|Any CPU
	EndGlobalSection
	GlobalSection(ProjectConfigurationPlatforms) = postSolution
		{87BE1A1B-29AE-4D52-AD3A-EB523874D093}.Debug|Any CPU.ActiveCfg = Debug|Any CPU
		{87BE1A1B-29AE-4D52-AD3A-EB523874D093}.Debug|Any CPU.Build.0 = Debug|Any CPU
		{87BE1A1B-29AE-4D52-AD3A-EB523874D093}.Release|Any CPU.ActiveCfg = Release|Any CPU
		{87BE1A1B-29AE-4D52-AD3A-EB523874D093}.Release|Any CPU.Build.0 = Release|Any CPU
	EndGlobalSection
	GlobalSection(SolutionProperties) = preSolution
		HideSolutionNode = FALSE
	EndGlobalSection
	GlobalSection(ExtensibilityGlobals) = postSolution
		SolutionGuid = {8CA14BAB-C06E-48B5-B51B-0D3FBA48842F}
	EndGlobalSection
EndGlobal
